{
  "name": "contracts",
  "lockfileVersion": 3,
  "requires": true,
  "packages": {
    "": {
      "dependencies": {
        "@openzeppelin/contracts": "^5.1.0",
        "solidity": "^0.0.1"
      }
    },
    "node_modules/@openzeppelin/contracts": {
      "version": "5.1.0",
      "resolved": "https://registry.npmjs.org/@openzeppelin/contracts/-/contracts-5.1.0.tgz",
      "integrity": "sha512-p1ULhl7BXzjjbha5aqst+QMLY+4/LCWADXOCsmLHRM77AqiPjnd9vvUN9sosUfhL9JGKpZ0TjEGxgvnizmWGSA==",
      "license": "MIT"
    },
    "node_modules/solidity": {
      "version": "0.0.1",
      "resolved": "https://registry.npmjs.org/solidity/-/solidity-0.0.1.tgz",
      "integrity": "sha512-32RjRNI86JUiaJcjbp2mbttRqLvdEjZJV0qjxGz9TUlwZKOMxVVMGkwBq8A4aHvQNJqA9oydL6/eAwHzElmNyg==",
      "license": "MIT"
    }
  }
}
